// !$*UTF8*$!
{
	archiveVersion = 1;
	classes = {
	};
	objectVersion = 48;
	objects = {

/* Begin PBXBuildFile section */
		4507D7581F656331001DCCE2 /* Event.swift in Sources */ = {isa = PBXBuildFile; fileRef = 4507D7571F656331001DCCE2 /* Event.swift */; };
		4507D75A1F656380001DCCE2 /* Disposable.swift in Sources */ = {isa = PBXBuildFile; fileRef = 4507D7591F656380001DCCE2 /* Disposable.swift */; };
		45124F2E1F655EF300A21AFA /* Reactive.framework in Frameworks */ = {isa = PBXBuildFile; fileRef = 45124F241F655EF200A21AFA /* Reactive.framework */; };
		45124F331F655EF300A21AFA /* ReactiveTests.swift in Sources */ = {isa = PBXBuildFile; fileRef = 45124F321F655EF300A21AFA /* ReactiveTests.swift */; };
		45124F351F655EF300A21AFA /* Reactive.h in Headers */ = {isa = PBXBuildFile; fileRef = 45124F271F655EF200A21AFA /* Reactive.h */; settings = {ATTRIBUTES = (Public, ); }; };
		45BF21431F680F7500CEC66C /* Observable.swift in Sources */ = {isa = PBXBuildFile; fileRef = 45BF21421F680F7500CEC66C /* Observable.swift */; };
		45BF21451F68127D00CEC66C /* Observer.swift in Sources */ = {isa = PBXBuildFile; fileRef = 45BF21441F68127D00CEC66C /* Observer.swift */; };
/* End PBXBuildFile section */

/* Begin PBXContainerItemProxy section */
		45124F2F1F655EF300A21AFA /* PBXContainerItemProxy */ = {
			isa = PBXContainerItemProxy;
			containerPortal = 45124F1B1F655EF200A21AFA /* Project object */;
			proxyType = 1;
			remoteGlobalIDString = 45124F231F655EF200A21AFA;
			remoteInfo = Reactive;
		};
/* End PBXContainerItemProxy section */

/* Begin PBXFileReference section */
		4507D7571F656331001DCCE2 /* Event.swift */ = {isa = PBXFileReference; lastKnownFileType = sourcecode.swift; path = Event.swift; sourceTree = "<group>"; };
		4507D7591F656380001DCCE2 /* Disposable.swift */ = {isa = PBXFileReference; lastKnownFileType = sourcecode.swift; path = Disposable.swift; sourceTree = "<group>"; };
		45124F241F655EF200A21AFA /* Reactive.framework */ = {isa = PBXFileReference; explicitFileType = wrapper.framework; includeInIndex = 0; path = Reactive.framework; sourceTree = BUILT_PRODUCTS_DIR; };
		45124F271F655EF200A21AFA /* Reactive.h */ = {isa = PBXFileReference; lastKnownFileType = sourcecode.c.h; path = Reactive.h; sourceTree = "<group>"; };
		45124F281F655EF200A21AFA /* Info.plist */ = {isa = PBXFileReference; lastKnownFileType = text.plist.xml; path = Info.plist; sourceTree = "<group>"; };
		45124F2D1F655EF300A21AFA /* ReactiveTests.xctest */ = {isa = PBXFileReference; explicitFileType = wrapper.cfbundle; includeInIndex = 0; path = ReactiveTests.xctest; sourceTree = BUILT_PRODUCTS_DIR; };
		45124F321F655EF300A21AFA /* ReactiveTests.swift */ = {isa = PBXFileReference; lastKnownFileType = sourcecode.swift; path = ReactiveTests.swift; sourceTree = "<group>"; };
		45124F341F655EF300A21AFA /* Info.plist */ = {isa = PBXFileReference; lastKnownFileType = text.plist.xml; path = Info.plist; sourceTree = "<group>"; };
		45BF21421F680F7500CEC66C /* Observable.swift */ = {isa = PBXFileReference; lastKnownFileType = sourcecode.swift; path = Observable.swift; sourceTree = "<group>"; };
		45BF21441F68127D00CEC66C /* Observer.swift */ = {isa = PBXFileReference; lastKnownFileType = sourcecode.swift; path = Observer.swift; sourceTree = "<group>"; };
/* End PBXFileReference section */

/* Begin PBXFrameworksBuildPhase section */
		45124F201F655EF200A21AFA /* Frameworks */ = {
			isa = PBXFrameworksBuildPhase;
			buildActionMask = 2147483647;
			files = (
			);
			runOnlyForDeploymentPostprocessing = 0;
		};
		45124F2A1F655EF300A21AFA /* Frameworks */ = {
			isa = PBXFrameworksBuildPhase;
			buildActionMask = 2147483647;
			files = (
				45124F2E1F655EF300A21AFA /* Reactive.framework in Frameworks */,
			);
			runOnlyForDeploymentPostprocessing = 0;
		};
/* End PBXFrameworksBuildPhase section */

/* Begin PBXGroup section */
		45124F1A1F655EF200A21AFA = {
			isa = PBXGroup;
			children = (
				45124F261F655EF200A21AFA /* Reactive */,
				45124F311F655EF300A21AFA /* ReactiveTests */,
				45124F251F655EF200A21AFA /* Products */,
			);
			sourceTree = "<group>";
		};
		45124F251F655EF200A21AFA /* Products */ = {
			isa = PBXGroup;
			children = (
				45124F241F655EF200A21AFA /* Reactive.framework */,
				45124F2D1F655EF300A21AFA /* ReactiveTests.xctest */,
			);
			name = Products;
			sourceTree = "<group>";
		};
		45124F261F655EF200A21AFA /* Reactive */ = {
			isa = PBXGroup;
			children = (
				45124F3E1F655F0F00A21AFA /* Source */,
				45124F271F655EF200A21AFA /* Reactive.h */,
				45124F281F655EF200A21AFA /* Info.plist */,
			);
			path = Reactive;
			sourceTree = "<group>";
		};
		45124F311F655EF300A21AFA /* ReactiveTests */ = {
			isa = PBXGroup;
			children = (
				45124F321F655EF300A21AFA /* ReactiveTests.swift */,
				45124F341F655EF300A21AFA /* Info.plist */,
			);
			path = ReactiveTests;
			sourceTree = "<group>";
		};
		45124F3E1F655F0F00A21AFA /* Source */ = {
			isa = PBXGroup;
			children = (
				4507D7571F656331001DCCE2 /* Event.swift */,
				4507D7591F656380001DCCE2 /* Disposable.swift */,
				45BF21421F680F7500CEC66C /* Observable.swift */,
				45BF21441F68127D00CEC66C /* Observer.swift */,
			);
			name = Source;
			sourceTree = "<group>";
		};
/* End PBXGroup section */

/* Begin PBXHeadersBuildPhase section */
		45124F211F655EF200A21AFA /* Headers */ = {
			isa = PBXHeadersBuildPhase;
			buildActionMask = 2147483647;
			files = (
				45124F351F655EF300A21AFA /* Reactive.h in Headers */,
			);
			runOnlyForDeploymentPostprocessing = 0;
		};
/* End PBXHeadersBuildPhase section */

/* Begin PBXNativeTarget section */
		45124F231F655EF200A21AFA /* Reactive */ = {
			isa = PBXNativeTarget;
			buildConfigurationList = 45124F381F655EF300A21AFA /* Build configuration list for PBXNativeTarget "Reactive" */;
			buildPhases = (
				45124F1F1F655EF200A21AFA /* Sources */,
				45124F201F655EF200A21AFA /* Frameworks */,
				45124F211F655EF200A21AFA /* Headers */,
				45124F221F655EF200A21AFA /* Resources */,
			);
			buildRules = (
			);
			dependencies = (
			);
			name = Reactive;
			productName = Reactive;
			productReference = 45124F241F655EF200A21AFA /* Reactive.framework */;
			productType = "com.apple.product-type.framework";
		};
		45124F2C1F655EF300A21AFA /* ReactiveTests */ = {
			isa = PBXNativeTarget;
			buildConfigurationList = 45124F3B1F655EF300A21AFA /* Build configuration list for PBXNativeTarget "ReactiveTests" */;
			buildPhases = (
				45124F291F655EF300A21AFA /* Sources */,
				45124F2A1F655EF300A21AFA /* Frameworks */,
				45124F2B1F655EF300A21AFA /* Resources */,
			);
			buildRules = (
			);
			dependencies = (
				45124F301F655EF300A21AFA /* PBXTargetDependency */,
			);
			name = ReactiveTests;
			productName = ReactiveTests;
			productReference = 45124F2D1F655EF300A21AFA /* ReactiveTests.xctest */;
			productType = "com.apple.product-type.bundle.unit-test";
		};
/* End PBXNativeTarget section */

/* Begin PBXProject section */
		45124F1B1F655EF200A21AFA /* Project object */ = {
			isa = PBXProject;
			attributes = {
				LastSwiftUpdateCheck = 0900;
				LastUpgradeCheck = 0900;
				ORGANIZATIONNAME = LuoJie;
				TargetAttributes = {
					45124F231F655EF200A21AFA = {
						CreatedOnToolsVersion = 9.0;
						LastSwiftMigration = 0900;
					};
					45124F2C1F655EF300A21AFA = {
						CreatedOnToolsVersion = 9.0;
					};
				};
			};
			buildConfigurationList = 45124F1E1F655EF200A21AFA /* Build configuration list for PBXProject "Reactive" */;
			compatibilityVersion = "Xcode 8.0";
			developmentRegion = en;
			hasScannedForEncodings = 0;
			knownRegions = (
				en,
			);
			mainGroup = 45124F1A1F655EF200A21AFA;
			productRefGroup = 45124F251F655EF200A21AFA /* Products */;
			projectDirPath = "";
			projectRoot = "";
			targets = (
				45124F231F655EF200A21AFA /* Reactive */,
				45124F2C1F655EF300A21AFA /* ReactiveTests */,
			);
		};
/* End PBXProject section */

/* Begin PBXResourcesBuildPhase section */
		45124F221F655EF200A21AFA /* Resources */ = {
			isa = PBXResourcesBuildPhase;
			buildActionMask = 2147483647;
			files = (
			);
			runOnlyForDeploymentPostprocessing = 0;
		};
		45124F2B1F655EF300A21AFA /* Resources */ = {
			isa = PBXResourcesBuildPhase;
			buildActionMask = 2147483647;
			files = (
			);
			runOnlyForDeploymentPostprocessing = 0;
		};
/* End PBXResourcesBuildPhase section */

/* Begin PBXSourcesBuildPhase section */
		45124F1F1F655EF200A21AFA /* Sources */ = {
			isa = PBXSourcesBuildPhase;
			buildActionMask = 2147483647;
			files = (
				4507D7581F656331001DCCE2 /* Event.swift in Sources */,
				45BF21451F68127D00CEC66C /* Observer.swift in Sources */,
				45BF21431F680F7500CEC66C /* Observable.swift in Sources */,
				4507D75A1F656380001DCCE2 /* Disposable.swift in Sources */,
			);
			runOnlyForDeploymentPostprocessing = 0;
		};
		45124F291F655EF300A21AFA /* Sources */ = {
			isa = PBXSourcesBuildPhase;
			buildActionMask = 2147483647;
			files = (
				45124F331F655EF300A21AFA /* ReactiveTests.swift in Sources */,
			);
			runOnlyForDeploymentPostprocessing = 0;
		};
/* End PBXSourcesBuildPhase section */

/* Begin PBXTargetDependency section */
		45124F301F655EF300A21AFA /* PBXTargetDependency */ = {
			isa = PBXTargetDependency;
			target = 45124F231F655EF200A21AFA /* Reactive */;
			targetProxy = 45124F2F1F655EF300A21AFA /* PBXContainerItemProxy */;
		};
/* End PBXTargetDependency section */

/* Begin XCBuildConfiguration section */
		45124F361F655EF300A21AFA /* Debug */ = {
			isa = XCBuildConfiguration;
			buildSettings = {
				ALWAYS_SEARCH_USER_PATHS = NO;
				CLANG_ANALYZER_NONNULL = YES;
				CLANG_ANALYZER_NUMBER_OBJECT_CONVERSION = YES_AGGRESSIVE;
				CLANG_CXX_LANGUAGE_STANDARD = "gnu++14";
				CLANG_CXX_LIBRARY = "libc++";
				CLANG_ENABLE_MODULES = YES;
				CLANG_ENABLE_OBJC_ARC = YES;
				CLANG_WARN_BLOCK_CAPTURE_AUTORELEASING = YES;
				CLANG_WARN_BOOL_CONVERSION = YES;
				CLANG_WARN_COMMA = YES;
				CLANG_WARN_CONSTANT_CONVERSION = YES;
				CLANG_WARN_DIRECT_OBJC_ISA_USAGE = YES_ERROR;
				CLANG_WARN_DOCUMENTATION_COMMENTS = YES;
				CLANG_WARN_EMPTY_BODY = YES;
				CLANG_WARN_ENUM_CONVERSION = YES;
				CLANG_WARN_INFINITE_RECURSION = YES;
				CLANG_WARN_INT_CONVERSION = YES;
				CLANG_WARN_OBJC_ROOT_CLASS = YES_ERROR;
				CLANG_WARN_RANGE_LOOP_ANALYSIS = YES;
				CLANG_WARN_STRICT_PROTOTYPES = YES;
				CLANG_WARN_SUSPICIOUS_MOVE = YES;
				CLANG_WARN_UNGUARDED_AVAILABILITY = YES_AGGRESSIVE;
				CLANG_WARN_UNREACHABLE_CODE = YES;
				CLANG_WARN__DUPLICATE_METHOD_MATCH = YES;
				CODE_SIGN_IDENTITY = "iPhone Developer";
				COPY_PHASE_STRIP = NO;
				CURRENT_PROJECT_VERSION = 1;
				DEBUG_INFORMATION_FORMAT = dwarf;
				ENABLE_STRICT_OBJC_MSGSEND = YES;
				ENABLE_TESTABILITY = YES;
				GCC_C_LANGUAGE_STANDARD = gnu11;
				GCC_DYNAMIC_NO_PIC = NO;
				GCC_NO_COMMON_BLOCKS = YES;
				GCC_OPTIMIZATION_LEVEL = 0;
				GCC_PREPROCESSOR_DEFINITIONS = (
					"DEBUG=1",
					"$(inherited)",
				);
				GCC_WARN_64_TO_32_BIT_CONVERSION = YES;
				GCC_WARN_ABOUT_RETURN_TYPE = YES_ERROR;
				GCC_WARN_UNDECLARED_SELECTOR = YES;
				GCC_WARN_UNINITIALIZED_AUTOS = YES_AGGRESSIVE;
				GCC_WARN_UNUSED_FUNCTION = YES;
				GCC_WARN_UNUSED_VARIABLE = YES;
				IPHONEOS_DEPLOYMENT_TARGET = 11.0;
				MTL_ENABLE_DEBUG_INFO = YES;
				ONLY_ACTIVE_ARCH = YES;
				SDKROOT = iphoneos;
				SWIFT_ACTIVE_COMPILATION_CONDITIONS = DEBUG;
				SWIFT_OPTIMIZATION_LEVEL = "-Onone";
				VERSIONING_SYSTEM = "apple-generic";
				VERSION_INFO_PREFIX = "";
			};
			name = Debug;
		};
		45124F371F655EF300A21AFA /* Release */ = {
			isa = XCBuildConfiguration;
			buildSettings = {
				ALWAYS_SEARCH_USER_PATHS = NO;
				CLANG_ANALYZER_NONNULL = YES;
				CLANG_ANALYZER_NUMBER_OBJECT_CONVERSION = YES_AGGRESSIVE;
				CLANG_CXX_LANGUAGE_STANDARD = "gnu++14";
				CLANG_CXX_LIBRARY = "libc++";
				CLANG_ENABLE_MODULES = YES;
				CLANG_ENABLE_OBJC_ARC = YES;
				CLANG_WARN_BLOCK_CAPTURE_AUTORELEASING = YES;
				CLANG_WARN_BOOL_CONVERSION = YES;
				CLANG_WARN_COMMA = YES;
				CLANG_WARN_CONSTANT_CONVERSION = YES;
				CLANG_WARN_DIRECT_OBJC_ISA_USAGE = YES_ERROR;
				CLANG_WARN_DOCUMENTATION_COMMENTS = YES;
				CLANG_WARN_EMPTY_BODY = YES;
				CLANG_WARN_ENUM_CONVERSION = YES;
				CLANG_WARN_INFINITE_RECURSION = YES;
				CLANG_WARN_INT_CONVERSION = YES;
				CLANG_WARN_OBJC_ROOT_CLASS = YES_ERROR;
				CLANG_WARN_RANGE_LOOP_ANALYSIS = YES;
				CLANG_WARN_STRICT_PROTOTYPES = YES;
				CLANG_WARN_SUSPICIOUS_MOVE = YES;
				CLANG_WARN_UNGUARDED_AVAILABILITY = YES_AGGRESSIVE;
				CLANG_WARN_UNREACHABLE_CODE = YES;
				CLANG_WARN__DUPLICATE_METHOD_MATCH = YES;
				CODE_SIGN_IDENTITY = "iPhone Developer";
				COPY_PHASE_STRIP = NO;
				CURRENT_PROJECT_VERSION = 1;
				DEBUG_INFORMATION_FORMAT = "dwarf-with-dsym";
				ENABLE_NS_ASSERTIONS = NO;
				ENABLE_STRICT_OBJC_MSGSEND = YES;
				GCC_C_LANGUAGE_STANDARD = gnu11;
				GCC_NO_COMMON_BLOCKS = YES;
				GCC_WARN_64_TO_32_BIT_CONVERSION = YES;
				GCC_WARN_ABOUT_RETURN_TYPE = YES_ERROR;
				GCC_WARN_UNDECLARED_SELECTOR = YES;
				GCC_WARN_UNINITIALIZED_AUTOS = YES_AGGRESSIVE;
				GCC_WARN_UNUSED_FUNCTION = YES;
				GCC_WARN_UNUSED_VARIABLE = YES;
				IPHONEOS_DEPLOYMENT_TARGET = 11.0;
				MTL_ENABLE_DEBUG_INFO = NO;
				SDKROOT = iphoneos;
				SWIFT_OPTIMIZATION_LEVEL = "-Owholemodule";
				VALIDATE_PRODUCT = YES;
				VERSIONING_SYSTEM = "apple-generic";
				VERSION_INFO_PREFIX = "";
			};
			name = Release;
		};
		45124F391F655EF300A21AFA /* Debug */ = {
			isa = XCBuildConfiguration;
			buildSettings = {
				CLANG_ENABLE_MODULES = YES;
				CODE_SIGN_IDENTITY = "";
				DEFINES_MODULE = YES;
				DEVELOPMENT_TEAM = 6BDKUNMM63;
				DYLIB_COMPATIBILITY_VERSION = 1;
				DYLIB_CURRENT_VERSION = 1;
				DYLIB_INSTALL_NAME_BASE = "@rpath";
				INFOPLIST_FILE = Reactive/Info.plist;
				INSTALL_PATH = "$(LOCAL_LIBRARY_DIR)/Frameworks";
				LD_RUNPATH_SEARCH_PATHS = "$(inherited) @executable_path/Frameworks @loader_path/Frameworks";
				PRODUCT_BUNDLE_IDENTIFIER = cn.beeth0ven.Reactive;
				PRODUCT_NAME = "$(TARGET_NAME:c99extidentifier)";
				SKIP_INSTALL = YES;
				SWIFT_OPTIMIZATION_LEVEL = "-Onone";
				SWIFT_VERSION = 4.0;
				TARGETED_DEVICE_FAMILY = "1,2";
			};
			name = Debug;
		};
		45124F3A1F655EF300A21AFA /* Release */ = {
			isa = XCBuildConfiguration;
			buildSettings = {
				CLANG_ENABLE_MODULES = YES;
				CODE_SIGN_IDENTITY = "";
				DEFINES_MODULE = YES;
				DEVELOPMENT_TEAM = 6BDKUNMM63;
				DYLIB_COMPATIBILITY_VERSION = 1;
				DYLIB_CURRENT_VERSION = 1;
				DYLIB_INSTALL_NAME_BASE = "@rpath";
				INFOPLIST_FILE = Reactive/Info.plist;
				INSTALL_PATH = "$(LOCAL_LIBRARY_DIR)/Frameworks";
				LD_RUNPATH_SEARCH_PATHS = "$(inherited) @executable_path/Frameworks @loader_path/Frameworks";
				PRODUCT_BUNDLE_IDENTIFIER = cn.beeth0ven.Reactive;
				PRODUCT_NAME = "$(TARGET_NAME:c99extidentifier)";
				SKIP_INSTALL = YES;
				SWIFT_VERSION = 4.0;
				TARGETED_DEVICE_FAMILY = "1,2";
			};
			name = Release;
		};
		45124F3C1F655EF300A21AFA /* Debug */ = {
			isa = XCBuildConfiguration;
			buildSettings = {
				ALWAYS_EMBED_SWIFT_STANDARD_LIBRARIES = YES;
				DEVELOPMENT_TEAM = 6BDKUNMM63;
				INFOPLIST_FILE = ReactiveTests/Info.plist;
				LD_RUNPATH_SEARCH_PATHS = "$(inherited) @executable_path/Frameworks @loader_path/Frameworks";
				PRODUCT_BUNDLE_IDENTIFIER = cn.beeth0ven.ReactiveTests;
				PRODUCT_NAME = "$(TARGET_NAME)";
				SWIFT_VERSION = 4.0;
				TARGETED_DEVICE_FAMILY = "1,2";
			};
			name = Debug;
		};
		45124F3D1F655EF300A21AFA /* Release */ = {
			isa = XCBuildConfiguration;
			buildSettings = {
				ALWAYS_EMBED_SWIFT_STANDARD_LIBRARIES = YES;
				DEVELOPMENT_TEAM = 6BDKUNMM63;
				INFOPLIST_FILE = ReactiveTests/Info.plist;
				LD_RUNPATH_SEARCH_PATHS = "$(inherited) @executable_path/Frameworks @loader_path/Frameworks";
				PRODUCT_BUNDLE_IDENTIFIER = cn.beeth0ven.ReactiveTests;
				PRODUCT_NAME = "$(TARGET_NAME)";
				SWIFT_VERSION = 4.0;
				TARGETED_DEVICE_FAMILY = "1,2";
			};
			name = Release;
		};
/* End XCBuildConfiguration section */

/* Begin XCConfigurationList section */
		45124F1E1F655EF200A21AFA /* Build configuration list for PBXProject "Reactive" */ = {
			isa = XCConfigurationList;
			buildConfigurations = (
				45124F361F655EF300A21AFA /* Debug */,
				45124F371F655EF300A21AFA /* Release */,
			);
			defaultConfigurationIsVisible = 0;
			defaultConfigurationName = Release;
		};
		45124F381F655EF300A21AFA /* Build configuration list for PBXNativeTarget "Reactive" */ = {
			isa = XCConfigurationList;
			buildConfigurations = (
				45124F391F655EF300A21AFA /* Debug */,
				45124F3A1F655EF300A21AFA /* Release */,
			);
			defaultConfigurationIsVisible = 0;
			defaultConfigurationName = Release;
		};
		45124F3B1F655EF300A21AFA /* Build configuration list for PBXNativeTarget "ReactiveTests" */ = {
			isa = XCConfigurationList;
			buildConfigurations = (
				45124F3C1F655EF300A21AFA /* Debug */,
				45124F3D1F655EF300A21AFA /* Release */,
			);
			defaultConfigurationIsVisible = 0;
			defaultConfigurationName = Release;
		};
/* End XCConfigurationList section */
	};
	rootObject = 45124F1B1F655EF200A21AFA /* Project object */;
}
